{
  "name": "musician_site",
  "lockfileVersion": 3,
  "requires": true,
  "packages": {
    "": {
      "dependencies": {
        "lite-youtube-embed": "^0.3.2"
      }
    },
    "node_modules/lite-youtube-embed": {
      "version": "0.3.2",
      "resolved": "https://registry.npmjs.org/lite-youtube-embed/-/lite-youtube-embed-0.3.2.tgz",
      "integrity": "sha512-b1dgKyF4PHhinonmr3PB172Nj0qQgA/7DE9EmeIXHR1ksnFEC2olWjNJyJGdsN2cleKHRjjsmrziKlwXtPlmLQ=="
    }
  }
}
